
Microsoft Visual Studio Solution File, Format Version 12.00
# Visual Studio Version 17
VisualStudioVersion = 17.9.34321.82
MinimumVisualStudioVersion = 10.0.40219.1
Project("{9A19103F-16F7-4668-BE54-9A1E7A4F7556}") = "Weather_site.Core", "Weather_site.Core\Weather_site.Core.csproj", "{4A4F1BEE-EC55-476B-8106-9DC6455CA95E}"
EndProject
Project("{9A19103F-16F7-4668-BE54-9A1E7A4F7556}") = "Weather_site.Repositories", "Weather_site.Repositories\Weather_site.Repositories.csproj", "{282DD3D5-CFE0-4EA0-8172-2F2D51051EFD}"
EndProject
Project("{9A19103F-16F7-4668-BE54-9A1E7A4F7556}") = "Weather_site.UI_2.0", "Weather_site.UI_2.0\Weather_site.UI_2.0.csproj", "{31F2B541-3B9B-4D82-A9E4-120383B88C29}"
EndProject
Project("{FAE04EC0-301F-11D3-BF4B-00C04F79EFBC}") = "Weather_site.API", "Weather_site.API\Weather_site.API.csproj", "{C8A3C6EA-6B07-4220-A00E-FDCC56DB8A4E}"
EndProject
Project("{FAE04EC0-301F-11D3-BF4B-00C04F79EFBC}") = "Weather_site.Service", "Weather_site.Service\Weather_site.Service.csproj", "{127D1638-A1F6-41E5-83B1-4C3798E5513F}"
EndProject
Global
	GlobalSection(SolutionConfigurationPlatforms) = preSolution
		Debug|Any CPU = Debug|Any CPU
		Release|Any CPU = Release|Any CPU
	EndGlobalSection
	GlobalSection(ProjectConfigurationPlatforms) = postSolution
		{4A4F1BEE-EC55-476B-8106-9DC6455CA95E}.Debug|Any CPU.ActiveCfg = Debug|Any CPU
		{4A4F1BEE-EC55-476B-8106-9DC6455CA95E}.Debug|Any CPU.Build.0 = Debug|Any CPU
		{4A4F1BEE-EC55-476B-8106-9DC6455CA95E}.Release|Any CPU.ActiveCfg = Release|Any CPU
		{4A4F1BEE-EC55-476B-8106-9DC6455CA95E}.Release|Any CPU.Build.0 = Release|Any CPU
		{282DD3D5-CFE0-4EA0-8172-2F2D51051EFD}.Debug|Any CPU.ActiveCfg = Debug|Any CPU
		{282DD3D5-CFE0-4EA0-8172-2F2D51051EFD}.Debug|Any CPU.Build.0 = Debug|Any CPU
		{282DD3D5-CFE0-4EA0-8172-2F2D51051EFD}.Release|Any CPU.ActiveCfg = Release|Any CPU
		{282DD3D5-CFE0-4EA0-8172-2F2D51051EFD}.Release|Any CPU.Build.0 = Release|Any CPU
		{31F2B541-3B9B-4D82-A9E4-120383B88C29}.Debug|Any CPU.ActiveCfg = Debug|Any CPU
		{31F2B541-3B9B-4D82-A9E4-120383B88C29}.Debug|Any CPU.Build.0 = Debug|Any CPU
		{31F2B541-3B9B-4D82-A9E4-120383B88C29}.Release|Any CPU.ActiveCfg = Release|Any CPU
		{31F2B541-3B9B-4D82-A9E4-120383B88C29}.Release|Any CPU.Build.0 = Release|Any CPU
		{C8A3C6EA-6B07-4220-A00E-FDCC56DB8A4E}.Debug|Any CPU.ActiveCfg = Debug|Any CPU
		{C8A3C6EA-6B07-4220-A00E-FDCC56DB8A4E}.Debug|Any CPU.Build.0 = Debug|Any CPU
		{C8A3C6EA-6B07-4220-A00E-FDCC56DB8A4E}.Release|Any CPU.ActiveCfg = Release|Any CPU
		{C8A3C6EA-6B07-4220-A00E-FDCC56DB8A4E}.Release|Any CPU.Build.0 = Release|Any CPU
		{127D1638-A1F6-41E5-83B1-4C3798E5513F}.Debug|Any CPU.ActiveCfg = Debug|Any CPU
		{127D1638-A1F6-41E5-83B1-4C3798E5513F}.Debug|Any CPU.Build.0 = Debug|Any CPU
		{127D1638-A1F6-41E5-83B1-4C3798E5513F}.Release|Any CPU.ActiveCfg = Release|Any CPU
		{127D1638-A1F6-41E5-83B1-4C3798E5513F}.Release|Any CPU.Build.0 = Release|Any CPU
	EndGlobalSection
	GlobalSection(SolutionProperties) = preSolution
		HideSolutionNode = FALSE
	EndGlobalSection
	GlobalSection(ExtensibilityGlobals) = postSolution
		SolutionGuid = {517A2D66-E2B0-4BB5-8A85-C28F4D9B711A}
	EndGlobalSection
EndGlobal
